
Microsoft Visual Studio Solution File, Format Version 12.00
# Visual Studio Version 17
VisualStudioVersion = 17.12.35527.113
MinimumVisualStudioVersion = 10.0.40219.1
Project("{FAE04EC0-301F-11D3-BF4B-00C04F79EFBC}") = "Web-work-01", "Web-work-01\Web-work-01.csproj", "{521C80A5-100D-44B6-82BB-116B63245F95}"
EndProject
Global
	GlobalSection(SolutionConfigurationPlatforms) = preSolution
		Debug|Any CPU = Debug|Any CPU
		Release|Any CPU = Release|Any CPU
	EndGlobalSection
	GlobalSection(ProjectConfigurationPlatforms) = postSolution
		{521C80A5-100D-44B6-82BB-116B63245F95}.Debug|Any CPU.ActiveCfg = Debug|Any CPU
		{521C80A5-100D-44B6-82BB-116B63245F95}.Debug|Any CPU.Build.0 = Debug|Any CPU
		{521C80A5-100D-44B6-82BB-116B63245F95}.Release|Any CPU.ActiveCfg = Release|Any CPU
		{521C80A5-100D-44B6-82BB-116B63245F95}.Release|Any CPU.Build.0 = Release|Any CPU
	EndGlobalSection
	GlobalSection(SolutionProperties) = preSolution
		HideSolutionNode = FALSE
	EndGlobalSection
EndGlobal
